github.com/http-wasm/http-wasm-host-go v0.6.0 h1:Vd4XvcFB3NMgWp2VLCQaiqYgLneN2lChbyN9NGoNDro=
github.com/http-wasm/http-wasm-host-go v0.6.0/go.mod h1:zQB3w+df4hryDEqBorGyA1DwPJ86LfKIASNLFuj6CuI=
github.com/mccutchen/go-httpbin/v2 v2.13.4 h1:KjUeehEAcWG+ce5WJVtP3cyquL0Qe/jQ4UWe/N1BVDw=
github.com/mccutchen/go-httpbin/v2 v2.13.4/go.mod h1:f4DUXYlU6yH0V81O4lJIwqpmYdTXXmYwzxMnYEimFPk=
github.com/tetratelabs/wazero v1.7.0 h1:jg5qPydno59wqjpGrHph81lbtHzTrWzwwtD4cD88+hQ=
github.com/tetratelabs/wazero v1.7.0/go.mod h1:ytl6Zuh20R/eROuyDaGPkp82O9C/DJfXAwJfQ3X6/7Y=
