github.com/corazawaf/coraza/v3 v3.1.1-0.20240403190642-dc778126cf45 h1:EpASrd0oTZZwpRhKCRugSltKPhWbxcJO0N+JqJ7ySHk=
github.com/corazawaf/coraza/v3 v3.1.1-0.20240403190642-dc778126cf45/go.mod h1:JNpUEkawdWgSuXPZiHMP+yWWZyYYoVUjCb0YZsLQK54=
github.com/mccutchen/go-httpbin/v2 v2.13.4 h1:KjUeehEAcWG+ce5WJVtP3cyquL0Qe/jQ4UWe/N1BVDw=
github.com/mccutchen/go-httpbin/v2 v2.13.4/go.mod h1:f4DUXYlU6yH0V81O4lJIwqpmYdTXXmYwzxMnYEimFPk=
